// !$*UTF8*$!
{
	archiveVersion = 1;
	classes = {
	};
	objectVersion = 46;
	objects = {

/* Begin PBXBuildFile section */
		53919E43D6F2BC2218667FA7 /* libPods.a in Frameworks */ = {isa = PBXBuildFile; fileRef = 7BBD6E0A4D10D9EB285A5BD9 /* libPods.a */; };
		9C664A6C1D9FAFDD00BDA17F /* AppDelegate.swift in Sources */ = {isa = PBXBuildFile; fileRef = 9C664A6B1D9FAFDD00BDA17F /* AppDelegate.swift */; };
		9C664A6E1D9FAFDD00BDA17F /* ViewController.swift in Sources */ = {isa = PBXBuildFile; fileRef = 9C664A6D1D9FAFDD00BDA17F /* ViewController.swift */; };
		9C664A711D9FAFDD00BDA17F /* Main.storyboard in Resources */ = {isa = PBXBuildFile; fileRef = 9C664A6F1D9FAFDD00BDA17F /* Main.storyboard */; };
		9C664A731D9FAFDD00BDA17F /* Assets.xcassets in Resources */ = {isa = PBXBuildFile; fileRef = 9C664A721D9FAFDD00BDA17F /* Assets.xcassets */; };
		9C664A761D9FAFDD00BDA17F /* LaunchScreen.storyboard in Resources */ = {isa = PBXBuildFile; fileRef = 9C664A741D9FAFDD00BDA17F /* LaunchScreen.storyboard */; };
		9C664A811D9FAFDD00BDA17F /* OnPostTests.swift in Sources */ = {isa = PBXBuildFile; fileRef = 9C664A801D9FAFDD00BDA17F /* OnPostTests.swift */; };
		9C664A8C1D9FAFDD00BDA17F /* OnPostUITests.swift in Sources */ = {isa = PBXBuildFile; fileRef = 9C664A8B1D9FAFDD00BDA17F /* OnPostUITests.swift */; };
		BD2F866D1DA0105800EBE435 /* GoogleService-Info.plist in Resources */ = {isa = PBXBuildFile; fileRef = BD2F866C1DA0105800EBE435 /* GoogleService-Info.plist */; };
		BD2F866F1DA0123500EBE435 /* DetailDisasterViewController.swift in Sources */ = {isa = PBXBuildFile; fileRef = BD2F866E1DA0123500EBE435 /* DetailDisasterViewController.swift */; };
		BDFBEE741D9FB4BC00A041D1 /* fontawesome-webfont.ttf in Resources */ = {isa = PBXBuildFile; fileRef = BDFBEE731D9FB4BC00A041D1 /* fontawesome-webfont.ttf */; };
		BDFBEE771D9FB68100A041D1 /* Extensions.swift in Sources */ = {isa = PBXBuildFile; fileRef = BDFBEE761D9FB68100A041D1 /* Extensions.swift */; };
		BDFBEE7A1D9FBFCA00A041D1 /* CustomVC.swift in Sources */ = {isa = PBXBuildFile; fileRef = BDFBEE791D9FBFCA00A041D1 /* CustomVC.swift */; };
		BDFBEE7C1D9FC10900A041D1 /* SideBarMenu.swift in Sources */ = {isa = PBXBuildFile; fileRef = BDFBEE7B1D9FC10900A041D1 /* SideBarMenu.swift */; };
		BDFBEE7F1D9FC3D400A041D1 /* Roboto-Bold.ttf in Resources */ = {isa = PBXBuildFile; fileRef = BDFBEE7D1D9FC3D400A041D1 /* Roboto-Bold.ttf */; };
		BDFBEE801D9FC3D400A041D1 /* Roboto-Regular.ttf in Resources */ = {isa = PBXBuildFile; fileRef = BDFBEE7E1D9FC3D400A041D1 /* Roboto-Regular.ttf */; };
		BDFBEE831D9FC63A00A041D1 /* ReportVC.swift in Sources */ = {isa = PBXBuildFile; fileRef = BDFBEE821D9FC63A00A041D1 /* ReportVC.swift */; };
		BDFBEE851D9FC88E00A041D1 /* DisasterCell.swift in Sources */ = {isa = PBXBuildFile; fileRef = BDFBEE841D9FC88E00A041D1 /* DisasterCell.swift */; };
		BDFBEE871D9FCAA900A041D1 /* CustomNavigationBar.swift in Sources */ = {isa = PBXBuildFile; fileRef = BDFBEE861D9FCAA900A041D1 /* CustomNavigationBar.swift */; };
		BDFBEE8A1D9FDF4B00A041D1 /* Disaster.swift in Sources */ = {isa = PBXBuildFile; fileRef = BDFBEE891D9FDF4B00A041D1 /* Disaster.swift */; };
/* End PBXBuildFile section */

/* Begin PBXContainerItemProxy section */
		9C664A7D1D9FAFDD00BDA17F /* PBXContainerItemProxy */ = {
			isa = PBXContainerItemProxy;
			containerPortal = 9C664A601D9FAFDD00BDA17F /* Project object */;
			proxyType = 1;
			remoteGlobalIDString = 9C664A671D9FAFDD00BDA17F;
			remoteInfo = OnPost;
		};
		9C664A881D9FAFDD00BDA17F /* PBXContainerItemProxy */ = {
			isa = PBXContainerItemProxy;
			containerPortal = 9C664A601D9FAFDD00BDA17F /* Project object */;
			proxyType = 1;
			remoteGlobalIDString = 9C664A671D9FAFDD00BDA17F;
			remoteInfo = OnPost;
		};
/* End PBXContainerItemProxy section */

/* Begin PBXFileReference section */
		7BBD6E0A4D10D9EB285A5BD9 /* libPods.a */ = {isa = PBXFileReference; explicitFileType = archive.ar; includeInIndex = 0; path = libPods.a; sourceTree = BUILT_PRODUCTS_DIR; };
		8BCA871FFA24D6E5687B8236 /* Pods.release.xcconfig */ = {isa = PBXFileReference; includeInIndex = 1; lastKnownFileType = text.xcconfig; name = Pods.release.xcconfig; path = "Pods/Target Support Files/Pods/Pods.release.xcconfig"; sourceTree = "<group>"; };
		9C664A681D9FAFDD00BDA17F /* OnPost.app */ = {isa = PBXFileReference; explicitFileType = wrapper.application; includeInIndex = 0; path = OnPost.app; sourceTree = BUILT_PRODUCTS_DIR; };
		9C664A6B1D9FAFDD00BDA17F /* AppDelegate.swift */ = {isa = PBXFileReference; lastKnownFileType = sourcecode.swift; path = AppDelegate.swift; sourceTree = "<group>"; };
		9C664A6D1D9FAFDD00BDA17F /* ViewController.swift */ = {isa = PBXFileReference; lastKnownFileType = sourcecode.swift; path = ViewController.swift; sourceTree = "<group>"; };
		9C664A701D9FAFDD00BDA17F /* Base */ = {isa = PBXFileReference; lastKnownFileType = file.storyboard; name = Base; path = Base.lproj/Main.storyboard; sourceTree = "<group>"; };
		9C664A721D9FAFDD00BDA17F /* Assets.xcassets */ = {isa = PBXFileReference; lastKnownFileType = folder.assetcatalog; path = Assets.xcassets; sourceTree = "<group>"; };
		9C664A751D9FAFDD00BDA17F /* Base */ = {isa = PBXFileReference; lastKnownFileType = file.storyboard; name = Base; path = Base.lproj/LaunchScreen.storyboard; sourceTree = "<group>"; };
		9C664A771D9FAFDD00BDA17F /* Info.plist */ = {isa = PBXFileReference; lastKnownFileType = text.plist.xml; path = Info.plist; sourceTree = "<group>"; };
		9C664A7C1D9FAFDD00BDA17F /* OnPostTests.xctest */ = {isa = PBXFileReference; explicitFileType = wrapper.cfbundle; includeInIndex = 0; path = OnPostTests.xctest; sourceTree = BUILT_PRODUCTS_DIR; };
		9C664A801D9FAFDD00BDA17F /* OnPostTests.swift */ = {isa = PBXFileReference; lastKnownFileType = sourcecode.swift; path = OnPostTests.swift; sourceTree = "<group>"; };
		9C664A821D9FAFDD00BDA17F /* Info.plist */ = {isa = PBXFileReference; lastKnownFileType = text.plist.xml; path = Info.plist; sourceTree = "<group>"; };
		9C664A871D9FAFDD00BDA17F /* OnPostUITests.xctest */ = {isa = PBXFileReference; explicitFileType = wrapper.cfbundle; includeInIndex = 0; path = OnPostUITests.xctest; sourceTree = BUILT_PRODUCTS_DIR; };
		9C664A8B1D9FAFDD00BDA17F /* OnPostUITests.swift */ = {isa = PBXFileReference; lastKnownFileType = sourcecode.swift; path = OnPostUITests.swift; sourceTree = "<group>"; };
		9C664A8D1D9FAFDD00BDA17F /* Info.plist */ = {isa = PBXFileReference; lastKnownFileType = text.plist.xml; path = Info.plist; sourceTree = "<group>"; };
		BD2F866C1DA0105800EBE435 /* GoogleService-Info.plist */ = {isa = PBXFileReference; fileEncoding = 4; lastKnownFileType = text.plist.xml; name = "GoogleService-Info.plist"; path = "../GoogleService-Info.plist"; sourceTree = "<group>"; };
		BD2F866E1DA0123500EBE435 /* DetailDisasterViewController.swift */ = {isa = PBXFileReference; fileEncoding = 4; lastKnownFileType = sourcecode.swift; path = DetailDisasterViewController.swift; sourceTree = "<group>"; };
		BDFBEE731D9FB4BC00A041D1 /* fontawesome-webfont.ttf */ = {isa = PBXFileReference; lastKnownFileType = file; path = "fontawesome-webfont.ttf"; sourceTree = "<group>"; };
		BDFBEE761D9FB68100A041D1 /* Extensions.swift */ = {isa = PBXFileReference; fileEncoding = 4; lastKnownFileType = sourcecode.swift; path = Extensions.swift; sourceTree = "<group>"; };
		BDFBEE791D9FBFCA00A041D1 /* CustomVC.swift */ = {isa = PBXFileReference; fileEncoding = 4; lastKnownFileType = sourcecode.swift; path = CustomVC.swift; sourceTree = "<group>"; };
		BDFBEE7B1D9FC10900A041D1 /* SideBarMenu.swift */ = {isa = PBXFileReference; fileEncoding = 4; lastKnownFileType = sourcecode.swift; path = SideBarMenu.swift; sourceTree = "<group>"; };
		BDFBEE7D1D9FC3D400A041D1 /* Roboto-Bold.ttf */ = {isa = PBXFileReference; lastKnownFileType = file; path = "Roboto-Bold.ttf"; sourceTree = "<group>"; };
		BDFBEE7E1D9FC3D400A041D1 /* Roboto-Regular.ttf */ = {isa = PBXFileReference; lastKnownFileType = file; path = "Roboto-Regular.ttf"; sourceTree = "<group>"; };
		BDFBEE821D9FC63A00A041D1 /* ReportVC.swift */ = {isa = PBXFileReference; fileEncoding = 4; lastKnownFileType = sourcecode.swift; path = ReportVC.swift; sourceTree = "<group>"; };
		BDFBEE841D9FC88E00A041D1 /* DisasterCell.swift */ = {isa = PBXFileReference; fileEncoding = 4; lastKnownFileType = sourcecode.swift; path = DisasterCell.swift; sourceTree = "<group>"; };
		BDFBEE861D9FCAA900A041D1 /* CustomNavigationBar.swift */ = {isa = PBXFileReference; fileEncoding = 4; lastKnownFileType = sourcecode.swift; path = CustomNavigationBar.swift; sourceTree = "<group>"; };
		BDFBEE891D9FDF4B00A041D1 /* Disaster.swift */ = {isa = PBXFileReference; fileEncoding = 4; lastKnownFileType = sourcecode.swift; path = Disaster.swift; sourceTree = "<group>"; };
		CC42663069B90AD8A1DD6097 /* Pods.debug.xcconfig */ = {isa = PBXFileReference; includeInIndex = 1; lastKnownFileType = text.xcconfig; name = Pods.debug.xcconfig; path = "Pods/Target Support Files/Pods/Pods.debug.xcconfig"; sourceTree = "<group>"; };
/* End PBXFileReference section */

/* Begin PBXFrameworksBuildPhase section */
		9C664A651D9FAFDD00BDA17F /* Frameworks */ = {
			isa = PBXFrameworksBuildPhase;
			buildActionMask = 2147483647;
			files = (
				53919E43D6F2BC2218667FA7 /* libPods.a in Frameworks */,
			);
			runOnlyForDeploymentPostprocessing = 0;
		};
		9C664A791D9FAFDD00BDA17F /* Frameworks */ = {
			isa = PBXFrameworksBuildPhase;
			buildActionMask = 2147483647;
			files = (
			);
			runOnlyForDeploymentPostprocessing = 0;
		};
		9C664A841D9FAFDD00BDA17F /* Frameworks */ = {
			isa = PBXFrameworksBuildPhase;
			buildActionMask = 2147483647;
			files = (
			);
			runOnlyForDeploymentPostprocessing = 0;
		};
/* End PBXFrameworksBuildPhase section */

/* Begin PBXGroup section */
		50371C342A4455A1D4AC1F5B /* Pods */ = {
			isa = PBXGroup;
			children = (
				CC42663069B90AD8A1DD6097 /* Pods.debug.xcconfig */,
				8BCA871FFA24D6E5687B8236 /* Pods.release.xcconfig */,
			);
			name = Pods;
			sourceTree = "<group>";
		};
		9C664A5F1D9FAFDD00BDA17F = {
			isa = PBXGroup;
			children = (
				9C664A6A1D9FAFDD00BDA17F /* OnPost */,
				9C664A7F1D9FAFDD00BDA17F /* OnPostTests */,
				9C664A8A1D9FAFDD00BDA17F /* OnPostUITests */,
				9C664A691D9FAFDD00BDA17F /* Products */,
				50371C342A4455A1D4AC1F5B /* Pods */,
				FD8B1C54CD31A7FCC85FE864 /* Frameworks */,
			);
			sourceTree = "<group>";
		};
		9C664A691D9FAFDD00BDA17F /* Products */ = {
			isa = PBXGroup;
			children = (
				9C664A681D9FAFDD00BDA17F /* OnPost.app */,
				9C664A7C1D9FAFDD00BDA17F /* OnPostTests.xctest */,
				9C664A871D9FAFDD00BDA17F /* OnPostUITests.xctest */,
			);
			name = Products;
			sourceTree = "<group>";
		};
		9C664A6A1D9FAFDD00BDA17F /* OnPost */ = {
			isa = PBXGroup;
			children = (
				BDFBEE8D1D9FEBE300A041D1 /* CustomCell */,
				BDFBEE881D9FDF2700A041D1 /* Model */,
				BDFBEE811D9FC62800A041D1 /* Screens */,
				BDFBEE751D9FB51900A041D1 /* CustomView */,
				BDFBEE711D9FB44200A041D1 /* Fonts */,
				9C664A6B1D9FAFDD00BDA17F /* AppDelegate.swift */,
				BDFBEE761D9FB68100A041D1 /* Extensions.swift */,
				9C664A6F1D9FAFDD00BDA17F /* Main.storyboard */,
				9C664A721D9FAFDD00BDA17F /* Assets.xcassets */,
				9C664A741D9FAFDD00BDA17F /* LaunchScreen.storyboard */,
				BD2F866C1DA0105800EBE435 /* GoogleService-Info.plist */,
				9C664A771D9FAFDD00BDA17F /* Info.plist */,
			);
			path = OnPost;
			sourceTree = "<group>";
		};
		9C664A7F1D9FAFDD00BDA17F /* OnPostTests */ = {
			isa = PBXGroup;
			children = (
				9C664A801D9FAFDD00BDA17F /* OnPostTests.swift */,
				9C664A821D9FAFDD00BDA17F /* Info.plist */,
			);
			path = OnPostTests;
			sourceTree = "<group>";
		};
		9C664A8A1D9FAFDD00BDA17F /* OnPostUITests */ = {
			isa = PBXGroup;
			children = (
				9C664A8B1D9FAFDD00BDA17F /* OnPostUITests.swift */,
				9C664A8D1D9FAFDD00BDA17F /* Info.plist */,
			);
			path = OnPostUITests;
			sourceTree = "<group>";
		};
		BDFBEE711D9FB44200A041D1 /* Fonts */ = {
			isa = PBXGroup;
			children = (
				BDFBEE7D1D9FC3D400A041D1 /* Roboto-Bold.ttf */,
				BDFBEE7E1D9FC3D400A041D1 /* Roboto-Regular.ttf */,
				BDFBEE731D9FB4BC00A041D1 /* fontawesome-webfont.ttf */,
			);
			name = Fonts;
			sourceTree = "<group>";
		};
		BDFBEE751D9FB51900A041D1 /* CustomView */ = {
			isa = PBXGroup;
			children = (
				BDFBEE861D9FCAA900A041D1 /* CustomNavigationBar.swift */,
				BDFBEE7B1D9FC10900A041D1 /* SideBarMenu.swift */,
			);
			name = CustomView;
			sourceTree = "<group>";
		};
		BDFBEE811D9FC62800A041D1 /* Screens */ = {
			isa = PBXGroup;
			children = (
				9C664A6D1D9FAFDD00BDA17F /* ViewController.swift */,
				BDFBEE821D9FC63A00A041D1 /* ReportVC.swift */,
				BDFBEE791D9FBFCA00A041D1 /* CustomVC.swift */,
				BD2F866E1DA0123500EBE435 /* DetailDisasterViewController.swift */,
			);
			name = Screens;
			sourceTree = "<group>";
		};
		BDFBEE881D9FDF2700A041D1 /* Model */ = {
			isa = PBXGroup;
			children = (
				BDFBEE891D9FDF4B00A041D1 /* Disaster.swift */,
			);
			name = Model;
			sourceTree = "<group>";
		};
		BDFBEE8D1D9FEBE300A041D1 /* CustomCell */ = {
			isa = PBXGroup;
			children = (
				BDFBEE841D9FC88E00A041D1 /* DisasterCell.swift */,
			);
			name = CustomCell;
			sourceTree = "<group>";
		};
		FD8B1C54CD31A7FCC85FE864 /* Frameworks */ = {
			isa = PBXGroup;
			children = (
				7BBD6E0A4D10D9EB285A5BD9 /* libPods.a */,
			);
			name = Frameworks;
			sourceTree = "<group>";
		};
/* End PBXGroup section */

/* Begin PBXNativeTarget section */
		9C664A671D9FAFDD00BDA17F /* OnPost */ = {
			isa = PBXNativeTarget;
			buildConfigurationList = 9C664A901D9FAFDD00BDA17F /* Build configuration list for PBXNativeTarget "OnPost" */;
			buildPhases = (
				50DB07E461453431A1540FDF /* Check Pods Manifest.lock */,
				9C664A641D9FAFDD00BDA17F /* Sources */,
				9C664A651D9FAFDD00BDA17F /* Frameworks */,
				9C664A661D9FAFDD00BDA17F /* Resources */,
				CF808526737E90045AC809D1 /* Embed Pods Frameworks */,
				12A1BFB03E7ED3931D0C27E0 /* Copy Pods Resources */,
			);
			buildRules = (
			);
			dependencies = (
			);
			name = OnPost;
			productName = OnPost;
			productReference = 9C664A681D9FAFDD00BDA17F /* OnPost.app */;
			productType = "com.apple.product-type.application";
		};
		9C664A7B1D9FAFDD00BDA17F /* OnPostTests */ = {
			isa = PBXNativeTarget;
			buildConfigurationList = 9C664A931D9FAFDD00BDA17F /* Build configuration list for PBXNativeTarget "OnPostTests" */;
			buildPhases = (
				9C664A781D9FAFDD00BDA17F /* Sources */,
				9C664A791D9FAFDD00BDA17F /* Frameworks */,
				9C664A7A1D9FAFDD00BDA17F /* Resources */,
			);
			buildRules = (
			);
			dependencies = (
				9C664A7E1D9FAFDD00BDA17F /* PBXTargetDependency */,
			);
			name = OnPostTests;
			productName = OnPostTests;
			productReference = 9C664A7C1D9FAFDD00BDA17F /* OnPostTests.xctest */;
			productType = "com.apple.product-type.bundle.unit-test";
		};
		9C664A861D9FAFDD00BDA17F /* OnPostUITests */ = {
			isa = PBXNativeTarget;
			buildConfigurationList = 9C664A961D9FAFDD00BDA17F /* Build configuration list for PBXNativeTarget "OnPostUITests" */;
			buildPhases = (
				9C664A831D9FAFDD00BDA17F /* Sources */,
				9C664A841D9FAFDD00BDA17F /* Frameworks */,
				9C664A851D9FAFDD00BDA17F /* Resources */,
			);
			buildRules = (
			);
			dependencies = (
				9C664A891D9FAFDD00BDA17F /* PBXTargetDependency */,
			);
			name = OnPostUITests;
			productName = OnPostUITests;
			productReference = 9C664A871D9FAFDD00BDA17F /* OnPostUITests.xctest */;
			productType = "com.apple.product-type.bundle.ui-testing";
		};
/* End PBXNativeTarget section */

/* Begin PBXProject section */
		9C664A601D9FAFDD00BDA17F /* Project object */ = {
			isa = PBXProject;
			attributes = {
				LastSwiftUpdateCheck = 0800;
				LastUpgradeCheck = 0800;
				ORGANIZATIONNAME = "Marina Georgieva";
				TargetAttributes = {
					9C664A671D9FAFDD00BDA17F = {
						CreatedOnToolsVersion = 8.0;
						DevelopmentTeam = PXEG9GD6UJ;
						ProvisioningStyle = Automatic;
					};
					9C664A7B1D9FAFDD00BDA17F = {
						CreatedOnToolsVersion = 8.0;
						ProvisioningStyle = Automatic;
						TestTargetID = 9C664A671D9FAFDD00BDA17F;
					};
					9C664A861D9FAFDD00BDA17F = {
						CreatedOnToolsVersion = 8.0;
						ProvisioningStyle = Automatic;
						TestTargetID = 9C664A671D9FAFDD00BDA17F;
					};
				};
			};
			buildConfigurationList = 9C664A631D9FAFDD00BDA17F /* Build configuration list for PBXProject "OnPost" */;
			compatibilityVersion = "Xcode 3.2";
			developmentRegion = English;
			hasScannedForEncodings = 0;
			knownRegions = (
				en,
				Base,
			);
			mainGroup = 9C664A5F1D9FAFDD00BDA17F;
			productRefGroup = 9C664A691D9FAFDD00BDA17F /* Products */;
			projectDirPath = "";
			projectRoot = "";
			targets = (
				9C664A671D9FAFDD00BDA17F /* OnPost */,
				9C664A7B1D9FAFDD00BDA17F /* OnPostTests */,
				9C664A861D9FAFDD00BDA17F /* OnPostUITests */,
			);
		};
/* End PBXProject section */

/* Begin PBXResourcesBuildPhase section */
		9C664A661D9FAFDD00BDA17F /* Resources */ = {
			isa = PBXResourcesBuildPhase;
			buildActionMask = 2147483647;
			files = (
				BDFBEE801D9FC3D400A041D1 /* Roboto-Regular.ttf in Resources */,
				9C664A761D9FAFDD00BDA17F /* LaunchScreen.storyboard in Resources */,
				BDFBEE741D9FB4BC00A041D1 /* fontawesome-webfont.ttf in Resources */,
				BDFBEE7F1D9FC3D400A041D1 /* Roboto-Bold.ttf in Resources */,
				9C664A731D9FAFDD00BDA17F /* Assets.xcassets in Resources */,
				9C664A711D9FAFDD00BDA17F /* Main.storyboard in Resources */,
				BD2F866D1DA0105800EBE435 /* GoogleService-Info.plist in Resources */,
			);
			runOnlyForDeploymentPostprocessing = 0;
		};
		9C664A7A1D9FAFDD00BDA17F /* Resources */ = {
			isa = PBXResourcesBuildPhase;
			buildActionMask = 2147483647;
			files = (
			);
			runOnlyForDeploymentPostprocessing = 0;
		};
		9C664A851D9FAFDD00BDA17F /* Resources */ = {
			isa = PBXResourcesBuildPhase;
			buildActionMask = 2147483647;
			files = (
			);
			runOnlyForDeploymentPostprocessing = 0;
		};
/* End PBXResourcesBuildPhase section */

/* Begin PBXShellScriptBuildPhase section */
		12A1BFB03E7ED3931D0C27E0 /* Copy Pods Resources */ = {
			isa = PBXShellScriptBuildPhase;
			buildActionMask = 2147483647;
			files = (
			);
			inputPaths = (
			);
			name = "Copy Pods Resources";
			outputPaths = (
			);
			runOnlyForDeploymentPostprocessing = 0;
			shellPath = /bin/sh;
			shellScript = "\"${SRCROOT}/Pods/Target Support Files/Pods/Pods-resources.sh\"\n";
			showEnvVarsInLog = 0;
		};
		50DB07E461453431A1540FDF /* Check Pods Manifest.lock */ = {
			isa = PBXShellScriptBuildPhase;
			buildActionMask = 2147483647;
			files = (
			);
			inputPaths = (
			);
			name = "Check Pods Manifest.lock";
			outputPaths = (
			);
			runOnlyForDeploymentPostprocessing = 0;
			shellPath = /bin/sh;
			shellScript = "diff \"${PODS_ROOT}/../Podfile.lock\" \"${PODS_ROOT}/Manifest.lock\" > /dev/null\nif [[ $? != 0 ]] ; then\n    cat << EOM\nerror: The sandbox is not in sync with the Podfile.lock. Run 'pod install' or update your CocoaPods installation.\nEOM\n    exit 1\nfi\n";
			showEnvVarsInLog = 0;
		};
		CF808526737E90045AC809D1 /* Embed Pods Frameworks */ = {
			isa = PBXShellScriptBuildPhase;
			buildActionMask = 2147483647;
			files = (
			);
			inputPaths = (
			);
			name = "Embed Pods Frameworks";
			outputPaths = (
			);
			runOnlyForDeploymentPostprocessing = 0;
			shellPath = /bin/sh;
			shellScript = "\"${SRCROOT}/Pods/Target Support Files/Pods/Pods-frameworks.sh\"\n";
			showEnvVarsInLog = 0;
		};
/* End PBXShellScriptBuildPhase section */

/* Begin PBXSourcesBuildPhase section */
		9C664A641D9FAFDD00BDA17F /* Sources */ = {
			isa = PBXSourcesBuildPhase;
			buildActionMask = 2147483647;
			files = (
				BDFBEE831D9FC63A00A041D1 /* ReportVC.swift in Sources */,
				BDFBEE7C1D9FC10900A041D1 /* SideBarMenu.swift in Sources */,
				BDFBEE8A1D9FDF4B00A041D1 /* Disaster.swift in Sources */,
				BDFBEE7A1D9FBFCA00A041D1 /* CustomVC.swift in Sources */,
				BDFBEE851D9FC88E00A041D1 /* DisasterCell.swift in Sources */,
				BDFBEE871D9FCAA900A041D1 /* CustomNavigationBar.swift in Sources */,
				BD2F866F1DA0123500EBE435 /* DetailDisasterViewController.swift in Sources */,
				9C664A6E1D9FAFDD00BDA17F /* ViewController.swift in Sources */,
				9C664A6C1D9FAFDD00BDA17F /* AppDelegate.swift in Sources */,
				BDFBEE771D9FB68100A041D1 /* Extensions.swift in Sources */,
			);
			runOnlyForDeploymentPostprocessing = 0;
		};
		9C664A781D9FAFDD00BDA17F /* Sources */ = {
			isa = PBXSourcesBuildPhase;
			buildActionMask = 2147483647;
			files = (
				9C664A811D9FAFDD00BDA17F /* OnPostTests.swift in Sources */,
			);
			runOnlyForDeploymentPostprocessing = 0;
		};
		9C664A831D9FAFDD00BDA17F /* Sources */ = {
			isa = PBXSourcesBuildPhase;
			buildActionMask = 2147483647;
			files = (
				9C664A8C1D9FAFDD00BDA17F /* OnPostUITests.swift in Sources */,
			);
			runOnlyForDeploymentPostprocessing = 0;
		};
/* End PBXSourcesBuildPhase section */

/* Begin PBXTargetDependency section */
		9C664A7E1D9FAFDD00BDA17F /* PBXTargetDependency */ = {
			isa = PBXTargetDependency;
			target = 9C664A671D9FAFDD00BDA17F /* OnPost */;
			targetProxy = 9C664A7D1D9FAFDD00BDA17F /* PBXContainerItemProxy */;
		};
		9C664A891D9FAFDD00BDA17F /* PBXTargetDependency */ = {
			isa = PBXTargetDependency;
			target = 9C664A671D9FAFDD00BDA17F /* OnPost */;
			targetProxy = 9C664A881D9FAFDD00BDA17F /* PBXContainerItemProxy */;
		};
/* End PBXTargetDependency section */

/* Begin PBXVariantGroup section */
		9C664A6F1D9FAFDD00BDA17F /* Main.storyboard */ = {
			isa = PBXVariantGroup;
			children = (
				9C664A701D9FAFDD00BDA17F /* Base */,
			);
			name = Main.storyboard;
			sourceTree = "<group>";
		};
		9C664A741D9FAFDD00BDA17F /* LaunchScreen.storyboard */ = {
			isa = PBXVariantGroup;
			children = (
				9C664A751D9FAFDD00BDA17F /* Base */,
			);
			name = LaunchScreen.storyboard;
			sourceTree = "<group>";
		};
/* End PBXVariantGroup section */

/* Begin XCBuildConfiguration section */
		9C664A8E1D9FAFDD00BDA17F /* Debug */ = {
			isa = XCBuildConfiguration;
			buildSettings = {
				ALWAYS_SEARCH_USER_PATHS = NO;
				CLANG_ANALYZER_NONNULL = YES;
				CLANG_CXX_LANGUAGE_STANDARD = "gnu++0x";
				CLANG_CXX_LIBRARY = "libc++";
				CLANG_ENABLE_MODULES = YES;
				CLANG_ENABLE_OBJC_ARC = YES;
				CLANG_WARN_BOOL_CONVERSION = YES;
				CLANG_WARN_CONSTANT_CONVERSION = YES;
				CLANG_WARN_DIRECT_OBJC_ISA_USAGE = YES_ERROR;
				CLANG_WARN_DOCUMENTATION_COMMENTS = YES;
				CLANG_WARN_EMPTY_BODY = YES;
				CLANG_WARN_ENUM_CONVERSION = YES;
				CLANG_WARN_INFINITE_RECURSION = YES;
				CLANG_WARN_INT_CONVERSION = YES;
				CLANG_WARN_OBJC_ROOT_CLASS = YES_ERROR;
				CLANG_WARN_SUSPICIOUS_MOVE = YES;
				CLANG_WARN_SUSPICIOUS_MOVES = YES;
				CLANG_WARN_UNREACHABLE_CODE = YES;
				CLANG_WARN__DUPLICATE_METHOD_MATCH = YES;
				"CODE_SIGN_IDENTITY[sdk=iphoneos*]" = "iPhone Developer";
				COPY_PHASE_STRIP = NO;
				DEBUG_INFORMATION_FORMAT = dwarf;
				ENABLE_STRICT_OBJC_MSGSEND = YES;
				ENABLE_TESTABILITY = YES;
				GCC_C_LANGUAGE_STANDARD = gnu99;
				GCC_DYNAMIC_NO_PIC = NO;
				GCC_NO_COMMON_BLOCKS = YES;
				GCC_OPTIMIZATION_LEVEL = 0;
				GCC_PREPROCESSOR_DEFINITIONS = (
					"DEBUG=1",
					"$(inherited)",
				);
				GCC_WARN_64_TO_32_BIT_CONVERSION = YES;
				GCC_WARN_ABOUT_RETURN_TYPE = YES_ERROR;
				GCC_WARN_UNDECLARED_SELECTOR = YES;
				GCC_WARN_UNINITIALIZED_AUTOS = YES_AGGRESSIVE;
				GCC_WARN_UNUSED_FUNCTION = YES;
				GCC_WARN_UNUSED_VARIABLE = YES;
				IPHONEOS_DEPLOYMENT_TARGET = 10.0;
				MTL_ENABLE_DEBUG_INFO = YES;
				ONLY_ACTIVE_ARCH = YES;
				SDKROOT = iphoneos;
				SWIFT_ACTIVE_COMPILATION_CONDITIONS = DEBUG;
				SWIFT_OPTIMIZATION_LEVEL = "-Onone";
			};
			name = Debug;
		};
		9C664A8F1D9FAFDD00BDA17F /* Release */ = {
			isa = XCBuildConfiguration;
			buildSettings = {
				ALWAYS_SEARCH_USER_PATHS = NO;
				CLANG_ANALYZER_NONNULL = YES;
				CLANG_CXX_LANGUAGE_STANDARD = "gnu++0x";
				CLANG_CXX_LIBRARY = "libc++";
				CLANG_ENABLE_MODULES = YES;
				CLANG_ENABLE_OBJC_ARC = YES;
				CLANG_WARN_BOOL_CONVERSION = YES;
				CLANG_WARN_CONSTANT_CONVERSION = YES;
				CLANG_WARN_DIRECT_OBJC_ISA_USAGE = YES_ERROR;
				CLANG_WARN_DOCUMENTATION_COMMENTS = YES;
				CLANG_WARN_EMPTY_BODY = YES;
				CLANG_WARN_ENUM_CONVERSION = YES;
				CLANG_WARN_INFINITE_RECURSION = YES;
				CLANG_WARN_INT_CONVERSION = YES;
				CLANG_WARN_OBJC_ROOT_CLASS = YES_ERROR;
				CLANG_WARN_SUSPICIOUS_MOVE = YES;
				CLANG_WARN_SUSPICIOUS_MOVES = YES;
				CLANG_WARN_UNREACHABLE_CODE = YES;
				CLANG_WARN__DUPLICATE_METHOD_MATCH = YES;
				"CODE_SIGN_IDENTITY[sdk=iphoneos*]" = "iPhone Developer";
				COPY_PHASE_STRIP = NO;
				DEBUG_INFORMATION_FORMAT = "dwarf-with-dsym";
				ENABLE_NS_ASSERTIONS = NO;
				ENABLE_STRICT_OBJC_MSGSEND = YES;
				GCC_C_LANGUAGE_STANDARD = gnu99;
				GCC_NO_COMMON_BLOCKS = YES;
				GCC_WARN_64_TO_32_BIT_CONVERSION = YES;
				GCC_WARN_ABOUT_RETURN_TYPE = YES_ERROR;
				GCC_WARN_UNDECLARED_SELECTOR = YES;
				GCC_WARN_UNINITIALIZED_AUTOS = YES_AGGRESSIVE;
				GCC_WARN_UNUSED_FUNCTION = YES;
				GCC_WARN_UNUSED_VARIABLE = YES;
				IPHONEOS_DEPLOYMENT_TARGET = 10.0;
				MTL_ENABLE_DEBUG_INFO = NO;
				SDKROOT = iphoneos;
				SWIFT_OPTIMIZATION_LEVEL = "-Owholemodule";
				VALIDATE_PRODUCT = YES;
			};
			name = Release;
		};
		9C664A911D9FAFDD00BDA17F /* Debug */ = {
			isa = XCBuildConfiguration;
			baseConfigurationReference = CC42663069B90AD8A1DD6097 /* Pods.debug.xcconfig */;
			buildSettings = {
				ASSETCATALOG_COMPILER_APPICON_NAME = AppIcon;
				DEVELOPMENT_TEAM = PXEG9GD6UJ;
				INFOPLIST_FILE = OnPost/Info.plist;
				LD_RUNPATH_SEARCH_PATHS = "$(inherited) @executable_path/Frameworks";
				PRODUCT_BUNDLE_IDENTIFIER = MG.OnPost;
				PRODUCT_NAME = "$(TARGET_NAME)";
				SWIFT_VERSION = 3.0;
			};
			name = Debug;
		};
		9C664A921D9FAFDD00BDA17F /* Release */ = {
			isa = XCBuildConfiguration;
			baseConfigurationReference = 8BCA871FFA24D6E5687B8236 /* Pods.release.xcconfig */;
			buildSettings = {
				ASSETCATALOG_COMPILER_APPICON_NAME = AppIcon;
				DEVELOPMENT_TEAM = PXEG9GD6UJ;
				INFOPLIST_FILE = OnPost/Info.plist;
				LD_RUNPATH_SEARCH_PATHS = "$(inherited) @executable_path/Frameworks";
				PRODUCT_BUNDLE_IDENTIFIER = MG.OnPost;
				PRODUCT_NAME = "$(TARGET_NAME)";
				SWIFT_VERSION = 3.0;
			};
			name = Release;
		};
		9C664A941D9FAFDD00BDA17F /* Debug */ = {
			isa = XCBuildConfiguration;
			buildSettings = {
				ALWAYS_EMBED_SWIFT_STANDARD_LIBRARIES = YES;
				BUNDLE_LOADER = "$(TEST_HOST)";
				INFOPLIST_FILE = OnPostTests/Info.plist;
				LD_RUNPATH_SEARCH_PATHS = "$(inherited) @executable_path/Frameworks @loader_path/Frameworks";
				PRODUCT_BUNDLE_IDENTIFIER = MG.OnPostTests;
				PRODUCT_NAME = "$(TARGET_NAME)";
				SWIFT_VERSION = 3.0;
				TEST_HOST = "$(BUILT_PRODUCTS_DIR)/OnPost.app/OnPost";
			};
			name = Debug;
		};
		9C664A951D9FAFDD00BDA17F /* Release */ = {
			isa = XCBuildConfiguration;
			buildSettings = {
				ALWAYS_EMBED_SWIFT_STANDARD_LIBRARIES = YES;
				BUNDLE_LOADER = "$(TEST_HOST)";
				INFOPLIST_FILE = OnPostTests/Info.plist;
				LD_RUNPATH_SEARCH_PATHS = "$(inherited) @executable_path/Frameworks @loader_path/Frameworks";
				PRODUCT_BUNDLE_IDENTIFIER = MG.OnPostTests;
				PRODUCT_NAME = "$(TARGET_NAME)";
				SWIFT_VERSION = 3.0;
				TEST_HOST = "$(BUILT_PRODUCTS_DIR)/OnPost.app/OnPost";
			};
			name = Release;
		};
		9C664A971D9FAFDD00BDA17F /* Debug */ = {
			isa = XCBuildConfiguration;
			buildSettings = {
				ALWAYS_EMBED_SWIFT_STANDARD_LIBRARIES = YES;
				INFOPLIST_FILE = OnPostUITests/Info.plist;
				LD_RUNPATH_SEARCH_PATHS = "$(inherited) @executable_path/Frameworks @loader_path/Frameworks";
				PRODUCT_BUNDLE_IDENTIFIER = MG.OnPostUITests;
				PRODUCT_NAME = "$(TARGET_NAME)";
				SWIFT_VERSION = 3.0;
				TEST_TARGET_NAME = OnPost;
			};
			name = Debug;
		};
		9C664A981D9FAFDD00BDA17F /* Release */ = {
			isa = XCBuildConfiguration;
			buildSettings = {
				ALWAYS_EMBED_SWIFT_STANDARD_LIBRARIES = YES;
				INFOPLIST_FILE = OnPostUITests/Info.plist;
				LD_RUNPATH_SEARCH_PATHS = "$(inherited) @executable_path/Frameworks @loader_path/Frameworks";
				PRODUCT_BUNDLE_IDENTIFIER = MG.OnPostUITests;
				PRODUCT_NAME = "$(TARGET_NAME)";
				SWIFT_VERSION = 3.0;
				TEST_TARGET_NAME = OnPost;
			};
			name = Release;
		};
/* End XCBuildConfiguration section */

/* Begin XCConfigurationList section */
		9C664A631D9FAFDD00BDA17F /* Build configuration list for PBXProject "OnPost" */ = {
			isa = XCConfigurationList;
			buildConfigurations = (
				9C664A8E1D9FAFDD00BDA17F /* Debug */,
				9C664A8F1D9FAFDD00BDA17F /* Release */,
			);
			defaultConfigurationIsVisible = 0;
			defaultConfigurationName = Release;
		};
		9C664A901D9FAFDD00BDA17F /* Build configuration list for PBXNativeTarget "OnPost" */ = {
			isa = XCConfigurationList;
			buildConfigurations = (
				9C664A911D9FAFDD00BDA17F /* Debug */,
				9C664A921D9FAFDD00BDA17F /* Release */,
			);
			defaultConfigurationIsVisible = 0;
			defaultConfigurationName = Release;
		};
		9C664A931D9FAFDD00BDA17F /* Build configuration list for PBXNativeTarget "OnPostTests" */ = {
			isa = XCConfigurationList;
			buildConfigurations = (
				9C664A941D9FAFDD00BDA17F /* Debug */,
				9C664A951D9FAFDD00BDA17F /* Release */,
			);
			defaultConfigurationIsVisible = 0;
			defaultConfigurationName = Release;
		};
		9C664A961D9FAFDD00BDA17F /* Build configuration list for PBXNativeTarget "OnPostUITests" */ = {
			isa = XCConfigurationList;
			buildConfigurations = (
				9C664A971D9FAFDD00BDA17F /* Debug */,
				9C664A981D9FAFDD00BDA17F /* Release */,
			);
			defaultConfigurationIsVisible = 0;
			defaultConfigurationName = Release;
		};
/* End XCConfigurationList section */
	};
	rootObject = 9C664A601D9FAFDD00BDA17F /* Project object */;
}
